// !$*UTF8*$!
{
	archiveVersion = 1;
	classes = {
	};
	objectVersion = 55;
	objects = {

/* Begin PBXBuildFile section */
		C95FC35A2861ED4700D32DFF /* iBotChatUiApp.swift in Sources */ = {isa = PBXBuildFile; fileRef = C95FC3592861ED4700D32DFF /* iBotChatUiApp.swift */; };
		C95FC35C2861ED4700D32DFF /* ContentView.swift in Sources */ = {isa = PBXBuildFile; fileRef = C95FC35B2861ED4700D32DFF /* ContentView.swift */; };
		C95FC35E2861ED5200D32DFF /* Assets.xcassets in Resources */ = {isa = PBXBuildFile; fileRef = C95FC35D2861ED5200D32DFF /* Assets.xcassets */; };
		C95FC3612861ED5200D32DFF /* Preview Assets.xcassets in Resources */ = {isa = PBXBuildFile; fileRef = C95FC3602861ED5200D32DFF /* Preview Assets.xcassets */; };
		C95FC36B2861ED5200D32DFF /* iBotChatUiTests.swift in Sources */ = {isa = PBXBuildFile; fileRef = C95FC36A2861ED5200D32DFF /* iBotChatUiTests.swift */; };
		C95FC3752861ED5300D32DFF /* iBotChatUiUITests.swift in Sources */ = {isa = PBXBuildFile; fileRef = C95FC3742861ED5300D32DFF /* iBotChatUiUITests.swift */; };
		C95FC3772861ED5300D32DFF /* iBotChatUiUITestsLaunchTests.swift in Sources */ = {isa = PBXBuildFile; fileRef = C95FC3762861ED5300D32DFF /* iBotChatUiUITestsLaunchTests.swift */; };
		C95FC3842861F25900D32DFF /* BotResponse.swift in Sources */ = {isa = PBXBuildFile; fileRef = C95FC3832861F25900D32DFF /* BotResponse.swift */; };
/* End PBXBuildFile section */

/* Begin PBXContainerItemProxy section */
		C95FC3672861ED5200D32DFF /* PBXContainerItemProxy */ = {
			isa = PBXContainerItemProxy;
			containerPortal = C95FC34E2861ED4700D32DFF /* Project object */;
			proxyType = 1;
			remoteGlobalIDString = C95FC3552861ED4700D32DFF;
			remoteInfo = iBotChatUi;
		};
		C95FC3712861ED5300D32DFF /* PBXContainerItemProxy */ = {
			isa = PBXContainerItemProxy;
			containerPortal = C95FC34E2861ED4700D32DFF /* Project object */;
			proxyType = 1;
			remoteGlobalIDString = C95FC3552861ED4700D32DFF;
			remoteInfo = iBotChatUi;
		};
/* End PBXContainerItemProxy section */

/* Begin PBXFileReference section */
		C95FC3562861ED4700D32DFF /* iBotChatUi.app */ = {isa = PBXFileReference; explicitFileType = wrapper.application; includeInIndex = 0; path = iBotChatUi.app; sourceTree = BUILT_PRODUCTS_DIR; };
		C95FC3592861ED4700D32DFF /* iBotChatUiApp.swift */ = {isa = PBXFileReference; lastKnownFileType = sourcecode.swift; path = iBotChatUiApp.swift; sourceTree = "<group>"; };
		C95FC35B2861ED4700D32DFF /* ContentView.swift */ = {isa = PBXFileReference; lastKnownFileType = sourcecode.swift; path = ContentView.swift; sourceTree = "<group>"; };
		C95FC35D2861ED5200D32DFF /* Assets.xcassets */ = {isa = PBXFileReference; lastKnownFileType = folder.assetcatalog; path = Assets.xcassets; sourceTree = "<group>"; };
		C95FC3602861ED5200D32DFF /* Preview Assets.xcassets */ = {isa = PBXFileReference; lastKnownFileType = folder.assetcatalog; path = "Preview Assets.xcassets"; sourceTree = "<group>"; };
		C95FC3662861ED5200D32DFF /* iBotChatUiTests.xctest */ = {isa = PBXFileReference; explicitFileType = wrapper.cfbundle; includeInIndex = 0; path = iBotChatUiTests.xctest; sourceTree = BUILT_PRODUCTS_DIR; };
		C95FC36A2861ED5200D32DFF /* iBotChatUiTests.swift */ = {isa = PBXFileReference; lastKnownFileType = sourcecode.swift; path = iBotChatUiTests.swift; sourceTree = "<group>"; };
		C95FC3702861ED5300D32DFF /* iBotChatUiUITests.xctest */ = {isa = PBXFileReference; explicitFileType = wrapper.cfbundle; includeInIndex = 0; path = iBotChatUiUITests.xctest; sourceTree = BUILT_PRODUCTS_DIR; };
		C95FC3742861ED5300D32DFF /* iBotChatUiUITests.swift */ = {isa = PBXFileReference; lastKnownFileType = sourcecode.swift; path = iBotChatUiUITests.swift; sourceTree = "<group>"; };
		C95FC3762861ED5300D32DFF /* iBotChatUiUITestsLaunchTests.swift */ = {isa = PBXFileReference; lastKnownFileType = sourcecode.swift; path = iBotChatUiUITestsLaunchTests.swift; sourceTree = "<group>"; };
		C95FC3832861F25900D32DFF /* BotResponse.swift */ = {isa = PBXFileReference; lastKnownFileType = sourcecode.swift; path = BotResponse.swift; sourceTree = "<group>"; };
/* End PBXFileReference section */

/* Begin PBXFrameworksBuildPhase section */
		C95FC3532861ED4700D32DFF /* Frameworks */ = {
			isa = PBXFrameworksBuildPhase;
			buildActionMask = 2147483647;
			files = (
			);
			runOnlyForDeploymentPostprocessing = 0;
		};
		C95FC3632861ED5200D32DFF /* Frameworks */ = {
			isa = PBXFrameworksBuildPhase;
			buildActionMask = 2147483647;
			files = (
			);
			runOnlyForDeploymentPostprocessing = 0;
		};
		C95FC36D2861ED5300D32DFF /* Frameworks */ = {
			isa = PBXFrameworksBuildPhase;
			buildActionMask = 2147483647;
			files = (
			);
			runOnlyForDeploymentPostprocessing = 0;
		};
/* End PBXFrameworksBuildPhase section */

/* Begin PBXGroup section */
		C95FC34D2861ED4700D32DFF = {
			isa = PBXGroup;
			children = (
				C95FC3582861ED4700D32DFF /* iBotChatUi */,
				C95FC3692861ED5200D32DFF /* iBotChatUiTests */,
				C95FC3732861ED5300D32DFF /* iBotChatUiUITests */,
				C95FC3572861ED4700D32DFF /* Products */,
			);
			sourceTree = "<group>";
		};
		C95FC3572861ED4700D32DFF /* Products */ = {
			isa = PBXGroup;
			children = (
				C95FC3562861ED4700D32DFF /* iBotChatUi.app */,
				C95FC3662861ED5200D32DFF /* iBotChatUiTests.xctest */,
				C95FC3702861ED5300D32DFF /* iBotChatUiUITests.xctest */,
			);
			name = Products;
			sourceTree = "<group>";
		};
		C95FC3582861ED4700D32DFF /* iBotChatUi */ = {
			isa = PBXGroup;
			children = (
				C95FC3592861ED4700D32DFF /* iBotChatUiApp.swift */,
				C95FC35B2861ED4700D32DFF /* ContentView.swift */,
				C95FC35D2861ED5200D32DFF /* Assets.xcassets */,
				C95FC35F2861ED5200D32DFF /* Preview Content */,
				C95FC3832861F25900D32DFF /* BotResponse.swift */,
			);
			path = iBotChatUi;
			sourceTree = "<group>";
		};
		C95FC35F2861ED5200D32DFF /* Preview Content */ = {
			isa = PBXGroup;
			children = (
				C95FC3602861ED5200D32DFF /* Preview Assets.xcassets */,
			);
			path = "Preview Content";
			sourceTree = "<group>";
		};
		C95FC3692861ED5200D32DFF /* iBotChatUiTests */ = {
			isa = PBXGroup;
			children = (
				C95FC36A2861ED5200D32DFF /* iBotChatUiTests.swift */,
			);
			path = iBotChatUiTests;
			sourceTree = "<group>";
		};
		C95FC3732861ED5300D32DFF /* iBotChatUiUITests */ = {
			isa = PBXGroup;
			children = (
				C95FC3742861ED5300D32DFF /* iBotChatUiUITests.swift */,
				C95FC3762861ED5300D32DFF /* iBotChatUiUITestsLaunchTests.swift */,
			);
			path = iBotChatUiUITests;
			sourceTree = "<group>";
		};
/* End PBXGroup section */

/* Begin PBXNativeTarget section */
		C95FC3552861ED4700D32DFF /* iBotChatUi */ = {
			isa = PBXNativeTarget;
			buildConfigurationList = C95FC37A2861ED5300D32DFF /* Build configuration list for PBXNativeTarget "iBotChatUi" */;
			buildPhases = (
				C95FC3522861ED4700D32DFF /* Sources */,
				C95FC3532861ED4700D32DFF /* Frameworks */,
				C95FC3542861ED4700D32DFF /* Resources */,
			);
			buildRules = (
			);
			dependencies = (
			);
			name = iBotChatUi;
			productName = iBotChatUi;
			productReference = C95FC3562861ED4700D32DFF /* iBotChatUi.app */;
			productType = "com.apple.product-type.application";
		};
		C95FC3652861ED5200D32DFF /* iBotChatUiTests */ = {
			isa = PBXNativeTarget;
			buildConfigurationList = C95FC37D2861ED5300D32DFF /* Build configuration list for PBXNativeTarget "iBotChatUiTests" */;
			buildPhases = (
				C95FC3622861ED5200D32DFF /* Sources */,
				C95FC3632861ED5200D32DFF /* Frameworks */,
				C95FC3642861ED5200D32DFF /* Resources */,
			);
			buildRules = (
			);
			dependencies = (
				C95FC3682861ED5200D32DFF /* PBXTargetDependency */,
			);
			name = iBotChatUiTests;
			productName = iBotChatUiTests;
			productReference = C95FC3662861ED5200D32DFF /* iBotChatUiTests.xctest */;
			productType = "com.apple.product-type.bundle.unit-test";
		};
		C95FC36F2861ED5300D32DFF /* iBotChatUiUITests */ = {
			isa = PBXNativeTarget;
			buildConfigurationList = C95FC3802861ED5300D32DFF /* Build configuration list for PBXNativeTarget "iBotChatUiUITests" */;
			buildPhases = (
				C95FC36C2861ED5300D32DFF /* Sources */,
				C95FC36D2861ED5300D32DFF /* Frameworks */,
				C95FC36E2861ED5300D32DFF /* Resources */,
			);
			buildRules = (
			);
			dependencies = (
				C95FC3722861ED5300D32DFF /* PBXTargetDependency */,
			);
			name = iBotChatUiUITests;
			productName = iBotChatUiUITests;
			productReference = C95FC3702861ED5300D32DFF /* iBotChatUiUITests.xctest */;
			productType = "com.apple.product-type.bundle.ui-testing";
		};
/* End PBXNativeTarget section */

/* Begin PBXProject section */
		C95FC34E2861ED4700D32DFF /* Project object */ = {
			isa = PBXProject;
			attributes = {
				BuildIndependentTargetsInParallel = 1;
				LastSwiftUpdateCheck = 1340;
				LastUpgradeCheck = 1340;
				TargetAttributes = {
					C95FC3552861ED4700D32DFF = {
						CreatedOnToolsVersion = 13.4.1;
					};
					C95FC3652861ED5200D32DFF = {
						CreatedOnToolsVersion = 13.4.1;
						TestTargetID = C95FC3552861ED4700D32DFF;
					};
					C95FC36F2861ED5300D32DFF = {
						CreatedOnToolsVersion = 13.4.1;
						TestTargetID = C95FC3552861ED4700D32DFF;
					};
				};
			};
			buildConfigurationList = C95FC3512861ED4700D32DFF /* Build configuration list for PBXProject "iBotChatUi" */;
			compatibilityVersion = "Xcode 13.0";
			developmentRegion = en;
			hasScannedForEncodings = 0;
			knownRegions = (
				en,
				Base,
			);
			mainGroup = C95FC34D2861ED4700D32DFF;
			productRefGroup = C95FC3572861ED4700D32DFF /* Products */;
			projectDirPath = "";
			projectRoot = "";
			targets = (
				C95FC3552861ED4700D32DFF /* iBotChatUi */,
				C95FC3652861ED5200D32DFF /* iBotChatUiTests */,
				C95FC36F2861ED5300D32DFF /* iBotChatUiUITests */,
			);
		};
/* End PBXProject section */

/* Begin PBXResourcesBuildPhase section */
		C95FC3542861ED4700D32DFF /* Resources */ = {
			isa = PBXResourcesBuildPhase;
			buildActionMask = 2147483647;
			files = (
				C95FC3612861ED5200D32DFF /* Preview Assets.xcassets in Resources */,
				C95FC35E2861ED5200D32DFF /* Assets.xcassets in Resources */,
			);
			runOnlyForDeploymentPostprocessing = 0;
		};
		C95FC3642861ED5200D32DFF /* Resources */ = {
			isa = PBXResourcesBuildPhase;
			buildActionMask = 2147483647;
			files = (
			);
			runOnlyForDeploymentPostprocessing = 0;
		};
		C95FC36E2861ED5300D32DFF /* Resources */ = {
			isa = PBXResourcesBuildPhase;
			buildActionMask = 2147483647;
			files = (
			);
			runOnlyForDeploymentPostprocessing = 0;
		};
/* End PBXResourcesBuildPhase section */

/* Begin PBXSourcesBuildPhase section */
		C95FC3522861ED4700D32DFF /* Sources */ = {
			isa = PBXSourcesBuildPhase;
			buildActionMask = 2147483647;
			files = (
				C95FC35C2861ED4700D32DFF /* ContentView.swift in Sources */,
				C95FC35A2861ED4700D32DFF /* iBotChatUiApp.swift in Sources */,
				C95FC3842861F25900D32DFF /* BotResponse.swift in Sources */,
			);
			runOnlyForDeploymentPostprocessing = 0;
		};
		C95FC3622861ED5200D32DFF /* Sources */ = {
			isa = PBXSourcesBuildPhase;
			buildActionMask = 2147483647;
			files = (
				C95FC36B2861ED5200D32DFF /* iBotChatUiTests.swift in Sources */,
			);
			runOnlyForDeploymentPostprocessing = 0;
		};
		C95FC36C2861ED5300D32DFF /* Sources */ = {
			isa = PBXSourcesBuildPhase;
			buildActionMask = 2147483647;
			files = (
				C95FC3772861ED5300D32DFF /* iBotChatUiUITestsLaunchTests.swift in Sources */,
				C95FC3752861ED5300D32DFF /* iBotChatUiUITests.swift in Sources */,
			);
			runOnlyForDeploymentPostprocessing = 0;
		};
/* End PBXSourcesBuildPhase section */

/* Begin PBXTargetDependency section */
		C95FC3682861ED5200D32DFF /* PBXTargetDependency */ = {
			isa = PBXTargetDependency;
			target = C95FC3552861ED4700D32DFF /* iBotChatUi */;
			targetProxy = C95FC3672861ED5200D32DFF /* PBXContainerItemProxy */;
		};
		C95FC3722861ED5300D32DFF /* PBXTargetDependency */ = {
			isa = PBXTargetDependency;
			target = C95FC3552861ED4700D32DFF /* iBotChatUi */;
			targetProxy = C95FC3712861ED5300D32DFF /* PBXContainerItemProxy */;
		};
/* End PBXTargetDependency section */

/* Begin XCBuildConfiguration section */
		C95FC3782861ED5300D32DFF /* Debug */ = {
			isa = XCBuildConfiguration;
			buildSettings = {
				ALWAYS_SEARCH_USER_PATHS = NO;
				CLANG_ANALYZER_NONNULL = YES;
				CLANG_ANALYZER_NUMBER_OBJECT_CONVERSION = YES_AGGRESSIVE;
				CLANG_CXX_LANGUAGE_STANDARD = "gnu++17";
				CLANG_ENABLE_MODULES = YES;
				CLANG_ENABLE_OBJC_ARC = YES;
				CLANG_ENABLE_OBJC_WEAK = YES;
				CLANG_WARN_BLOCK_CAPTURE_AUTORELEASING = YES;
				CLANG_WARN_BOOL_CONVERSION = YES;
				CLANG_WARN_COMMA = YES;
				CLANG_WARN_CONSTANT_CONVERSION = YES;
				CLANG_WARN_DEPRECATED_OBJC_IMPLEMENTATIONS = YES;
				CLANG_WARN_DIRECT_OBJC_ISA_USAGE = YES_ERROR;
				CLANG_WARN_DOCUMENTATION_COMMENTS = YES;
				CLANG_WARN_EMPTY_BODY = YES;
				CLANG_WARN_ENUM_CONVERSION = YES;
				CLANG_WARN_INFINITE_RECURSION = YES;
				CLANG_WARN_INT_CONVERSION = YES;
				CLANG_WARN_NON_LITERAL_NULL_CONVERSION = YES;
				CLANG_WARN_OBJC_IMPLICIT_RETAIN_SELF = YES;
				CLANG_WARN_OBJC_LITERAL_CONVERSION = YES;
				CLANG_WARN_OBJC_ROOT_CLASS = YES_ERROR;
				CLANG_WARN_QUOTED_INCLUDE_IN_FRAMEWORK_HEADER = YES;
				CLANG_WARN_RANGE_LOOP_ANALYSIS = YES;
				CLANG_WARN_STRICT_PROTOTYPES = YES;
				CLANG_WARN_SUSPICIOUS_MOVE = YES;
				CLANG_WARN_UNGUARDED_AVAILABILITY = YES_AGGRESSIVE;
				CLANG_WARN_UNREACHABLE_CODE = YES;
				CLANG_WARN__DUPLICATE_METHOD_MATCH = YES;
				COPY_PHASE_STRIP = NO;
				DEBUG_INFORMATION_FORMAT = dwarf;
				ENABLE_STRICT_OBJC_MSGSEND = YES;
				ENABLE_TESTABILITY = YES;
				GCC_C_LANGUAGE_STANDARD = gnu11;
				GCC_DYNAMIC_NO_PIC = NO;
				GCC_NO_COMMON_BLOCKS = YES;
				GCC_OPTIMIZATION_LEVEL = 0;
				GCC_PREPROCESSOR_DEFINITIONS = (
					"DEBUG=1",
					"$(inherited)",
				);
				GCC_WARN_64_TO_32_BIT_CONVERSION = YES;
				GCC_WARN_ABOUT_RETURN_TYPE = YES_ERROR;
				GCC_WARN_UNDECLARED_SELECTOR = YES;
				GCC_WARN_UNINITIALIZED_AUTOS = YES_AGGRESSIVE;
				GCC_WARN_UNUSED_FUNCTION = YES;
				GCC_WARN_UNUSED_VARIABLE = YES;
				IPHONEOS_DEPLOYMENT_TARGET = 15.5;
				MTL_ENABLE_DEBUG_INFO = INCLUDE_SOURCE;
				MTL_FAST_MATH = YES;
				ONLY_ACTIVE_ARCH = YES;
				SDKROOT = iphoneos;
				SWIFT_ACTIVE_COMPILATION_CONDITIONS = DEBUG;
				SWIFT_OPTIMIZATION_LEVEL = "-Onone";
			};
			name = Debug;
		};
		C95FC3792861ED5300D32DFF /* Release */ = {
			isa = XCBuildConfiguration;
			buildSettings = {
				ALWAYS_SEARCH_USER_PATHS = NO;
				CLANG_ANALYZER_NONNULL = YES;
				CLANG_ANALYZER_NUMBER_OBJECT_CONVERSION = YES_AGGRESSIVE;
				CLANG_CXX_LANGUAGE_STANDARD = "gnu++17";
				CLANG_ENABLE_MODULES = YES;
				CLANG_ENABLE_OBJC_ARC = YES;
				CLANG_ENABLE_OBJC_WEAK = YES;
				CLANG_WARN_BLOCK_CAPTURE_AUTORELEASING = YES;
				CLANG_WARN_BOOL_CONVERSION = YES;
				CLANG_WARN_COMMA = YES;
				CLANG_WARN_CONSTANT_CONVERSION = YES;
				CLANG_WARN_DEPRECATED_OBJC_IMPLEMENTATIONS = YES;
				CLANG_WARN_DIRECT_OBJC_ISA_USAGE = YES_ERROR;
				CLANG_WARN_DOCUMENTATION_COMMENTS = YES;
				CLANG_WARN_EMPTY_BODY = YES;
				CLANG_WARN_ENUM_CONVERSION = YES;
				CLANG_WARN_INFINITE_RECURSION = YES;
				CLANG_WARN_INT_CONVERSION = YES;
				CLANG_WARN_NON_LITERAL_NULL_CONVERSION = YES;
				CLANG_WARN_OBJC_IMPLICIT_RETAIN_SELF = YES;
				CLANG_WARN_OBJC_LITERAL_CONVERSION = YES;
				CLANG_WARN_OBJC_ROOT_CLASS = YES_ERROR;
				CLANG_WARN_QUOTED_INCLUDE_IN_FRAMEWORK_HEADER = YES;
				CLANG_WARN_RANGE_LOOP_ANALYSIS = YES;
				CLANG_WARN_STRICT_PROTOTYPES = YES;
				CLANG_WARN_SUSPICIOUS_MOVE = YES;
				CLANG_WARN_UNGUARDED_AVAILABILITY = YES_AGGRESSIVE;
				CLANG_WARN_UNREACHABLE_CODE = YES;
				CLANG_WARN__DUPLICATE_METHOD_MATCH = YES;
				COPY_PHASE_STRIP = NO;
				DEBUG_INFORMATION_FORMAT = "dwarf-with-dsym";
				ENABLE_NS_ASSERTIONS = NO;
				ENABLE_STRICT_OBJC_MSGSEND = YES;
				GCC_C_LANGUAGE_STANDARD = gnu11;
				GCC_NO_COMMON_BLOCKS = YES;
				GCC_WARN_64_TO_32_BIT_CONVERSION = YES;
				GCC_WARN_ABOUT_RETURN_TYPE = YES_ERROR;
				GCC_WARN_UNDECLARED_SELECTOR = YES;
				GCC_WARN_UNINITIALIZED_AUTOS = YES_AGGRESSIVE;
				GCC_WARN_UNUSED_FUNCTION = YES;
				GCC_WARN_UNUSED_VARIABLE = YES;
				IPHONEOS_DEPLOYMENT_TARGET = 15.5;
				MTL_ENABLE_DEBUG_INFO = NO;
				MTL_FAST_MATH = YES;
				SDKROOT = iphoneos;
				SWIFT_COMPILATION_MODE = wholemodule;
				SWIFT_OPTIMIZATION_LEVEL = "-O";
				VALIDATE_PRODUCT = YES;
			};
			name = Release;
		};
		C95FC37B2861ED5300D32DFF /* Debug */ = {
			isa = XCBuildConfiguration;
			buildSettings = {
				ASSETCATALOG_COMPILER_APPICON_NAME = AppIcon;
				ASSETCATALOG_COMPILER_GLOBAL_ACCENT_COLOR_NAME = AccentColor;
				CODE_SIGN_STYLE = Automatic;
				CURRENT_PROJECT_VERSION = 1;
				DEVELOPMENT_ASSET_PATHS = "\"iBotChatUi/Preview Content\"";
				DEVELOPMENT_TEAM = 3A74NBF86H;
				ENABLE_PREVIEWS = YES;
				GENERATE_INFOPLIST_FILE = YES;
				INFOPLIST_KEY_UIApplicationSceneManifest_Generation = YES;
				INFOPLIST_KEY_UIApplicationSupportsIndirectInputEvents = YES;
				INFOPLIST_KEY_UILaunchScreen_Generation = YES;
				INFOPLIST_KEY_UISupportedInterfaceOrientations_iPad = "UIInterfaceOrientationPortrait UIInterfaceOrientationPortraitUpsideDown UIInterfaceOrientationLandscapeLeft UIInterfaceOrientationLandscapeRight";
				INFOPLIST_KEY_UISupportedInterfaceOrientations_iPhone = "UIInterfaceOrientationPortrait UIInterfaceOrientationLandscapeLeft UIInterfaceOrientationLandscapeRight";
				LD_RUNPATH_SEARCH_PATHS = (
					"$(inherited)",
					"@executable_path/Frameworks",
				);
				MARKETING_VERSION = 1.0;
				PRODUCT_BUNDLE_IDENTIFIER = caiocastro.iBotChatUi;
				PRODUCT_NAME = "$(TARGET_NAME)";
				SWIFT_EMIT_LOC_STRINGS = YES;
				SWIFT_VERSION = 5.0;
				TARGETED_DEVICE_FAMILY = "1,2";
			};
			name = Debug;
		};
		C95FC37C2861ED5300D32DFF /* Release */ = {
			isa = XCBuildConfiguration;
			buildSettings = {
				ASSETCATALOG_COMPILER_APPICON_NAME = AppIcon;
				ASSETCATALOG_COMPILER_GLOBAL_ACCENT_COLOR_NAME = AccentColor;
				CODE_SIGN_STYLE = Automatic;
				CURRENT_PROJECT_VERSION = 1;
				DEVELOPMENT_ASSET_PATHS = "\"iBotChatUi/Preview Content\"";
				DEVELOPMENT_TEAM = 3A74NBF86H;
				ENABLE_PREVIEWS = YES;
				GENERATE_INFOPLIST_FILE = YES;
				INFOPLIST_KEY_UIApplicationSceneManifest_Generation = YES;
				INFOPLIST_KEY_UIApplicationSupportsIndirectInputEvents = YES;
				INFOPLIST_KEY_UILaunchScreen_Generation = YES;
				INFOPLIST_KEY_UISupportedInterfaceOrientations_iPad = "UIInterfaceOrientationPortrait UIInterfaceOrientationPortraitUpsideDown UIInterfaceOrientationLandscapeLeft UIInterfaceOrientationLandscapeRight";
				INFOPLIST_KEY_UISupportedInterfaceOrientations_iPhone = "UIInterfaceOrientationPortrait UIInterfaceOrientationLandscapeLeft UIInterfaceOrientationLandscapeRight";
				LD_RUNPATH_SEARCH_PATHS = (
					"$(inherited)",
					"@executable_path/Frameworks",
				);
				MARKETING_VERSION = 1.0;
				PRODUCT_BUNDLE_IDENTIFIER = caiocastro.iBotChatUi;
				PRODUCT_NAME = "$(TARGET_NAME)";
				SWIFT_EMIT_LOC_STRINGS = YES;
				SWIFT_VERSION = 5.0;
				TARGETED_DEVICE_FAMILY = "1,2";
			};
			name = Release;
		};
		C95FC37E2861ED5300D32DFF /* Debug */ = {
			isa = XCBuildConfiguration;
			buildSettings = {
				ALWAYS_EMBED_SWIFT_STANDARD_LIBRARIES = YES;
				BUNDLE_LOADER = "$(TEST_HOST)";
				CODE_SIGN_STYLE = Automatic;
				CURRENT_PROJECT_VERSION = 1;
				DEVELOPMENT_TEAM = 3A74NBF86H;
				GENERATE_INFOPLIST_FILE = YES;
				IPHONEOS_DEPLOYMENT_TARGET = 15.5;
				MARKETING_VERSION = 1.0;
				PRODUCT_BUNDLE_IDENTIFIER = caiocastro.iBotChatUiTests;
				PRODUCT_NAME = "$(TARGET_NAME)";
				SWIFT_EMIT_LOC_STRINGS = NO;
				SWIFT_VERSION = 5.0;
				TARGETED_DEVICE_FAMILY = "1,2";
				TEST_HOST = "$(BUILT_PRODUCTS_DIR)/iBotChatUi.app/iBotChatUi";
			};
			name = Debug;
		};
		C95FC37F2861ED5300D32DFF /* Release */ = {
			isa = XCBuildConfiguration;
			buildSettings = {
				ALWAYS_EMBED_SWIFT_STANDARD_LIBRARIES = YES;
				BUNDLE_LOADER = "$(TEST_HOST)";
				CODE_SIGN_STYLE = Automatic;
				CURRENT_PROJECT_VERSION = 1;
				DEVELOPMENT_TEAM = 3A74NBF86H;
				GENERATE_INFOPLIST_FILE = YES;
				IPHONEOS_DEPLOYMENT_TARGET = 15.5;
				MARKETING_VERSION = 1.0;
				PRODUCT_BUNDLE_IDENTIFIER = caiocastro.iBotChatUiTests;
				PRODUCT_NAME = "$(TARGET_NAME)";
				SWIFT_EMIT_LOC_STRINGS = NO;
				SWIFT_VERSION = 5.0;
				TARGETED_DEVICE_FAMILY = "1,2";
				TEST_HOST = "$(BUILT_PRODUCTS_DIR)/iBotChatUi.app/iBotChatUi";
			};
			name = Release;
		};
		C95FC3812861ED5300D32DFF /* Debug */ = {
			isa = XCBuildConfiguration;
			buildSettings = {
				ALWAYS_EMBED_SWIFT_STANDARD_LIBRARIES = YES;
				CODE_SIGN_STYLE = Automatic;
				CURRENT_PROJECT_VERSION = 1;
				DEVELOPMENT_TEAM = 3A74NBF86H;
				GENERATE_INFOPLIST_FILE = YES;
				MARKETING_VERSION = 1.0;
				PRODUCT_BUNDLE_IDENTIFIER = caiocastro.iBotChatUiUITests;
				PRODUCT_NAME = "$(TARGET_NAME)";
				SWIFT_EMIT_LOC_STRINGS = NO;
				SWIFT_VERSION = 5.0;
				TARGETED_DEVICE_FAMILY = "1,2";
				TEST_TARGET_NAME = iBotChatUi;
			};
			name = Debug;
		};
		C95FC3822861ED5300D32DFF /* Release */ = {
			isa = XCBuildConfiguration;
			buildSettings = {
				ALWAYS_EMBED_SWIFT_STANDARD_LIBRARIES = YES;
				CODE_SIGN_STYLE = Automatic;
				CURRENT_PROJECT_VERSION = 1;
				DEVELOPMENT_TEAM = 3A74NBF86H;
				GENERATE_INFOPLIST_FILE = YES;
				MARKETING_VERSION = 1.0;
				PRODUCT_BUNDLE_IDENTIFIER = caiocastro.iBotChatUiUITests;
				PRODUCT_NAME = "$(TARGET_NAME)";
				SWIFT_EMIT_LOC_STRINGS = NO;
				SWIFT_VERSION = 5.0;
				TARGETED_DEVICE_FAMILY = "1,2";
				TEST_TARGET_NAME = iBotChatUi;
			};
			name = Release;
		};
/* End XCBuildConfiguration section */

/* Begin XCConfigurationList section */
		C95FC3512861ED4700D32DFF /* Build configuration list for PBXProject "iBotChatUi" */ = {
			isa = XCConfigurationList;
			buildConfigurations = (
				C95FC3782861ED5300D32DFF /* Debug */,
				C95FC3792861ED5300D32DFF /* Release */,
			);
			defaultConfigurationIsVisible = 0;
			defaultConfigurationName = Release;
		};
		C95FC37A2861ED5300D32DFF /* Build configuration list for PBXNativeTarget "iBotChatUi" */ = {
			isa = XCConfigurationList;
			buildConfigurations = (
				C95FC37B2861ED5300D32DFF /* Debug */,
				C95FC37C2861ED5300D32DFF /* Release */,
			);
			defaultConfigurationIsVisible = 0;
			defaultConfigurationName = Release;
		};
		C95FC37D2861ED5300D32DFF /* Build configuration list for PBXNativeTarget "iBotChatUiTests" */ = {
			isa = XCConfigurationList;
			buildConfigurations = (
				C95FC37E2861ED5300D32DFF /* Debug */,
				C95FC37F2861ED5300D32DFF /* Release */,
			);
			defaultConfigurationIsVisible = 0;
			defaultConfigurationName = Release;
		};
		C95FC3802861ED5300D32DFF /* Build configuration list for PBXNativeTarget "iBotChatUiUITests" */ = {
			isa = XCConfigurationList;
			buildConfigurations = (
				C95FC3812861ED5300D32DFF /* Debug */,
				C95FC3822861ED5300D32DFF /* Release */,
			);
			defaultConfigurationIsVisible = 0;
			defaultConfigurationName = Release;
		};
/* End XCConfigurationList section */
	};
	rootObject = C95FC34E2861ED4700D32DFF /* Project object */;
}
